// !$*UTF8*$!
{
	archiveVersion = 1;
	classes = {
	};
	objectVersion = 50;
	objects = {

/* Begin PBXBuildFile section */
		62135E082707182B00682D92 /* FileChief.swift in Sources */ = {isa = PBXBuildFile; fileRef = 62135E072707182B00682D92 /* FileChief.swift */; };
		627788C226F37C2C0016D811 /* FileController.swift in Sources */ = {isa = PBXBuildFile; fileRef = 627788C126F37C2C0016D811 /* FileController.swift */; };
		62923C1D26D52DBA00085674 /* AppDelegate.swift in Sources */ = {isa = PBXBuildFile; fileRef = 62923C1C26D52DBA00085674 /* AppDelegate.swift */; };
		62923C1F26D52DBA00085674 /* SceneDelegate.swift in Sources */ = {isa = PBXBuildFile; fileRef = 62923C1E26D52DBA00085674 /* SceneDelegate.swift */; };
		62923C2126D52DBA00085674 /* ViewController.swift in Sources */ = {isa = PBXBuildFile; fileRef = 62923C2026D52DBA00085674 /* ViewController.swift */; };
		62923C2426D52DBA00085674 /* Main.storyboard in Resources */ = {isa = PBXBuildFile; fileRef = 62923C2226D52DBA00085674 /* Main.storyboard */; };
		62923C2626D52DCF00085674 /* Assets.xcassets in Resources */ = {isa = PBXBuildFile; fileRef = 62923C2526D52DCF00085674 /* Assets.xcassets */; };
		62923C2926D52DCF00085674 /* LaunchScreen.storyboard in Resources */ = {isa = PBXBuildFile; fileRef = 62923C2726D52DCF00085674 /* LaunchScreen.storyboard */; };
/* End PBXBuildFile section */

/* Begin PBXFileReference section */
		62135E072707182B00682D92 /* FileChief.swift */ = {isa = PBXFileReference; lastKnownFileType = sourcecode.swift; path = FileChief.swift; sourceTree = "<group>"; };
		627788C126F37C2C0016D811 /* FileController.swift */ = {isa = PBXFileReference; lastKnownFileType = sourcecode.swift; path = FileController.swift; sourceTree = "<group>"; };
		62923C1926D52DBA00085674 /* FileInspector.app */ = {isa = PBXFileReference; explicitFileType = wrapper.application; includeInIndex = 0; path = FileInspector.app; sourceTree = BUILT_PRODUCTS_DIR; };
		62923C1C26D52DBA00085674 /* AppDelegate.swift */ = {isa = PBXFileReference; lastKnownFileType = sourcecode.swift; path = AppDelegate.swift; sourceTree = "<group>"; };
		62923C1E26D52DBA00085674 /* SceneDelegate.swift */ = {isa = PBXFileReference; lastKnownFileType = sourcecode.swift; path = SceneDelegate.swift; sourceTree = "<group>"; };
		62923C2026D52DBA00085674 /* ViewController.swift */ = {isa = PBXFileReference; lastKnownFileType = sourcecode.swift; path = ViewController.swift; sourceTree = "<group>"; };
		62923C2326D52DBA00085674 /* Base */ = {isa = PBXFileReference; lastKnownFileType = file.storyboard; name = Base; path = Base.lproj/Main.storyboard; sourceTree = "<group>"; };
		62923C2526D52DCF00085674 /* Assets.xcassets */ = {isa = PBXFileReference; lastKnownFileType = folder.assetcatalog; path = Assets.xcassets; sourceTree = "<group>"; };
		62923C2826D52DCF00085674 /* Base */ = {isa = PBXFileReference; lastKnownFileType = file.storyboard; name = Base; path = Base.lproj/LaunchScreen.storyboard; sourceTree = "<group>"; };
		62923C2A26D52DCF00085674 /* Info.plist */ = {isa = PBXFileReference; lastKnownFileType = text.plist.xml; path = Info.plist; sourceTree = "<group>"; };
/* End PBXFileReference section */

/* Begin PBXFrameworksBuildPhase section */
		62923C1626D52DBA00085674 /* Frameworks */ = {
			isa = PBXFrameworksBuildPhase;
			buildActionMask = 2147483647;
			files = (
			);
			runOnlyForDeploymentPostprocessing = 0;
		};
/* End PBXFrameworksBuildPhase section */

/* Begin PBXGroup section */
		62923C1026D52DBA00085674 = {
			isa = PBXGroup;
			children = (
				62923C1B26D52DBA00085674 /* FileInspector */,
				62923C1A26D52DBA00085674 /* Products */,
			);
			sourceTree = "<group>";
		};
		62923C1A26D52DBA00085674 /* Products */ = {
			isa = PBXGroup;
			children = (
				62923C1926D52DBA00085674 /* FileInspector.app */,
			);
			name = Products;
			sourceTree = "<group>";
		};
		62923C1B26D52DBA00085674 /* FileInspector */ = {
			isa = PBXGroup;
			children = (
				62923C1C26D52DBA00085674 /* AppDelegate.swift */,
				62923C1E26D52DBA00085674 /* SceneDelegate.swift */,
				62923C2026D52DBA00085674 /* ViewController.swift */,
				62923C2226D52DBA00085674 /* Main.storyboard */,
				627788C126F37C2C0016D811 /* FileController.swift */,
				62135E072707182B00682D92 /* FileChief.swift */,
				62923C2526D52DCF00085674 /* Assets.xcassets */,
				62923C2726D52DCF00085674 /* LaunchScreen.storyboard */,
				62923C2A26D52DCF00085674 /* Info.plist */,
			);
			path = FileInspector;
			sourceTree = "<group>";
		};
/* End PBXGroup section */

/* Begin PBXNativeTarget section */
		62923C1826D52DBA00085674 /* FileInspector */ = {
			isa = PBXNativeTarget;
			buildConfigurationList = 62923C2D26D52DCF00085674 /* Build configuration list for PBXNativeTarget "FileInspector" */;
			buildPhases = (
				62923C1526D52DBA00085674 /* Sources */,
				62923C1626D52DBA00085674 /* Frameworks */,
				62923C1726D52DBA00085674 /* Resources */,
			);
			buildRules = (
			);
			dependencies = (
			);
			name = FileInspector;
			productName = RegistrationUI;
			productReference = 62923C1926D52DBA00085674 /* FileInspector.app */;
			productType = "com.apple.product-type.application";
		};
/* End PBXNativeTarget section */

/* Begin PBXProject section */
		62923C1126D52DBA00085674 /* Project object */ = {
			isa = PBXProject;
			attributes = {
				LastSwiftUpdateCheck = 1240;
				LastUpgradeCheck = 1240;
				TargetAttributes = {
					62923C1826D52DBA00085674 = {
						CreatedOnToolsVersion = 12.4;
					};
				};
			};
			buildConfigurationList = 62923C1426D52DBA00085674 /* Build configuration list for PBXProject "FileInspector" */;
			compatibilityVersion = "Xcode 9.3";
			developmentRegion = en;
			hasScannedForEncodings = 0;
			knownRegions = (
				en,
				Base,
			);
			mainGroup = 62923C1026D52DBA00085674;
			productRefGroup = 62923C1A26D52DBA00085674 /* Products */;
			projectDirPath = "";
			projectRoot = "";
			targets = (
				62923C1826D52DBA00085674 /* FileInspector */,
			);
		};
/* End PBXProject section */

/* Begin PBXResourcesBuildPhase section */
		62923C1726D52DBA00085674 /* Resources */ = {
			isa = PBXResourcesBuildPhase;
			buildActionMask = 2147483647;
			files = (
				62923C2926D52DCF00085674 /* LaunchScreen.storyboard in Resources */,
				62923C2626D52DCF00085674 /* Assets.xcassets in Resources */,
				62923C2426D52DBA00085674 /* Main.storyboard in Resources */,
			);
			runOnlyForDeploymentPostprocessing = 0;
		};
/* End PBXResourcesBuildPhase section */

/* Begin PBXSourcesBuildPhase section */
		62923C1526D52DBA00085674 /* Sources */ = {
			isa = PBXSourcesBuildPhase;
			buildActionMask = 2147483647;
			files = (
				62923C2126D52DBA00085674 /* ViewController.swift in Sources */,
				62135E082707182B00682D92 /* FileChief.swift in Sources */,
				62923C1D26D52DBA00085674 /* AppDelegate.swift in Sources */,
				62923C1F26D52DBA00085674 /* SceneDelegate.swift in Sources */,
				627788C226F37C2C0016D811 /* FileController.swift in Sources */,
			);
			runOnlyForDeploymentPostprocessing = 0;
		};
/* End PBXSourcesBuildPhase section */

/* Begin PBXVariantGroup section */
		62923C2226D52DBA00085674 /* Main.storyboard */ = {
			isa = PBXVariantGroup;
			children = (
				62923C2326D52DBA00085674 /* Base */,
			);
			name = Main.storyboard;
			sourceTree = "<group>";
		};
		62923C2726D52DCF00085674 /* LaunchScreen.storyboard */ = {
			isa = PBXVariantGroup;
			children = (
				62923C2826D52DCF00085674 /* Base */,
			);
			name = LaunchScreen.storyboard;
			sourceTree = "<group>";
		};
/* End PBXVariantGroup section */

/* Begin XCBuildConfiguration section */
		62923C2B26D52DCF00085674 /* Debug */ = {
			isa = XCBuildConfiguration;
			buildSettings = {
				ALWAYS_SEARCH_USER_PATHS = NO;
				CLANG_ANALYZER_NONNULL = YES;
				CLANG_ANALYZER_NUMBER_OBJECT_CONVERSION = YES_AGGRESSIVE;
				CLANG_CXX_LANGUAGE_STANDARD = "gnu++14";
				CLANG_CXX_LIBRARY = "libc++";
				CLANG_ENABLE_MODULES = YES;
				CLANG_ENABLE_OBJC_ARC = YES;
				CLANG_ENABLE_OBJC_WEAK = YES;
				CLANG_WARN_BLOCK_CAPTURE_AUTORELEASING = YES;
				CLANG_WARN_BOOL_CONVERSION = YES;
				CLANG_WARN_COMMA = YES;
				CLANG_WARN_CONSTANT_CONVERSION = YES;
				CLANG_WARN_DEPRECATED_OBJC_IMPLEMENTATIONS = YES;
				CLANG_WARN_DIRECT_OBJC_ISA_USAGE = YES_ERROR;
				CLANG_WARN_DOCUMENTATION_COMMENTS = YES;
				CLANG_WARN_EMPTY_BODY = YES;
				CLANG_WARN_ENUM_CONVERSION = YES;
				CLANG_WARN_INFINITE_RECURSION = YES;
				CLANG_WARN_INT_CONVERSION = YES;
				CLANG_WARN_NON_LITERAL_NULL_CONVERSION = YES;
				CLANG_WARN_OBJC_IMPLICIT_RETAIN_SELF = YES;
				CLANG_WARN_OBJC_LITERAL_CONVERSION = YES;
				CLANG_WARN_OBJC_ROOT_CLASS = YES_ERROR;
				CLANG_WARN_QUOTED_INCLUDE_IN_FRAMEWORK_HEADER = YES;
				CLANG_WARN_RANGE_LOOP_ANALYSIS = YES;
				CLANG_WARN_STRICT_PROTOTYPES = YES;
				CLANG_WARN_SUSPICIOUS_MOVE = YES;
				CLANG_WARN_UNGUARDED_AVAILABILITY = YES_AGGRESSIVE;
				CLANG_WARN_UNREACHABLE_CODE = YES;
				CLANG_WARN__DUPLICATE_METHOD_MATCH = YES;
				COPY_PHASE_STRIP = NO;
				DEBUG_INFORMATION_FORMAT = dwarf;
				ENABLE_STRICT_OBJC_MSGSEND = YES;
				ENABLE_TESTABILITY = YES;
				GCC_C_LANGUAGE_STANDARD = gnu11;
				GCC_DYNAMIC_NO_PIC = NO;
				GCC_NO_COMMON_BLOCKS = YES;
				GCC_OPTIMIZATION_LEVEL = 0;
				GCC_PREPROCESSOR_DEFINITIONS = (
					"DEBUG=1",
					"$(inherited)",
				);
				GCC_WARN_64_TO_32_BIT_CONVERSION = YES;
				GCC_WARN_ABOUT_RETURN_TYPE = YES_ERROR;
				GCC_WARN_UNDECLARED_SELECTOR = YES;
				GCC_WARN_UNINITIALIZED_AUTOS = YES_AGGRESSIVE;
				GCC_WARN_UNUSED_FUNCTION = YES;
				GCC_WARN_UNUSED_VARIABLE = YES;
				IPHONEOS_DEPLOYMENT_TARGET = 14.4;
				MTL_ENABLE_DEBUG_INFO = INCLUDE_SOURCE;
				MTL_FAST_MATH = YES;
				ONLY_ACTIVE_ARCH = YES;
				SDKROOT = iphoneos;
				SWIFT_ACTIVE_COMPILATION_CONDITIONS = DEBUG;
				SWIFT_OPTIMIZATION_LEVEL = "-Onone";
			};
			name = Debug;
		};
		62923C2C26D52DCF00085674 /* Release */ = {
			isa = XCBuildConfiguration;
			buildSettings = {
				ALWAYS_SEARCH_USER_PATHS = NO;
				CLANG_ANALYZER_NONNULL = YES;
				CLANG_ANALYZER_NUMBER_OBJECT_CONVERSION = YES_AGGRESSIVE;
				CLANG_CXX_LANGUAGE_STANDARD = "gnu++14";
				CLANG_CXX_LIBRARY = "libc++";
				CLANG_ENABLE_MODULES = YES;
				CLANG_ENABLE_OBJC_ARC = YES;
				CLANG_ENABLE_OBJC_WEAK = YES;
				CLANG_WARN_BLOCK_CAPTURE_AUTORELEASING = YES;
				CLANG_WARN_BOOL_CONVERSION = YES;
				CLANG_WARN_COMMA = YES;
				CLANG_WARN_CONSTANT_CONVERSION = YES;
				CLANG_WARN_DEPRECATED_OBJC_IMPLEMENTATIONS = YES;
				CLANG_WARN_DIRECT_OBJC_ISA_USAGE = YES_ERROR;
				CLANG_WARN_DOCUMENTATION_COMMENTS = YES;
				CLANG_WARN_EMPTY_BODY = YES;
				CLANG_WARN_ENUM_CONVERSION = YES;
				CLANG_WARN_INFINITE_RECURSION = YES;
				CLANG_WARN_INT_CONVERSION = YES;
				CLANG_WARN_NON_LITERAL_NULL_CONVERSION = YES;
				CLANG_WARN_OBJC_IMPLICIT_RETAIN_SELF = YES;
				CLANG_WARN_OBJC_LITERAL_CONVERSION = YES;
				CLANG_WARN_OBJC_ROOT_CLASS = YES_ERROR;
				CLANG_WARN_QUOTED_INCLUDE_IN_FRAMEWORK_HEADER = YES;
				CLANG_WARN_RANGE_LOOP_ANALYSIS = YES;
				CLANG_WARN_STRICT_PROTOTYPES = YES;
				CLANG_WARN_SUSPICIOUS_MOVE = YES;
				CLANG_WARN_UNGUARDED_AVAILABILITY = YES_AGGRESSIVE;
				CLANG_WARN_UNREACHABLE_CODE = YES;
				CLANG_WARN__DUPLICATE_METHOD_MATCH = YES;
				COPY_PHASE_STRIP = NO;
				DEBUG_INFORMATION_FORMAT = "dwarf-with-dsym";
				ENABLE_NS_ASSERTIONS = NO;
				ENABLE_STRICT_OBJC_MSGSEND = YES;
				GCC_C_LANGUAGE_STANDARD = gnu11;
				GCC_NO_COMMON_BLOCKS = YES;
				GCC_WARN_64_TO_32_BIT_CONVERSION = YES;
				GCC_WARN_ABOUT_RETURN_TYPE = YES_ERROR;
				GCC_WARN_UNDECLARED_SELECTOR = YES;
				GCC_WARN_UNINITIALIZED_AUTOS = YES_AGGRESSIVE;
				GCC_WARN_UNUSED_FUNCTION = YES;
				GCC_WARN_UNUSED_VARIABLE = YES;
				IPHONEOS_DEPLOYMENT_TARGET = 14.4;
				MTL_ENABLE_DEBUG_INFO = NO;
				MTL_FAST_MATH = YES;
				SDKROOT = iphoneos;
				SWIFT_COMPILATION_MODE = wholemodule;
				SWIFT_OPTIMIZATION_LEVEL = "-O";
				VALIDATE_PRODUCT = YES;
			};
			name = Release;
		};
		62923C2E26D52DCF00085674 /* Debug */ = {
			isa = XCBuildConfiguration;
			buildSettings = {
				ASSETCATALOG_COMPILER_APPICON_NAME = AppIcon;
				ASSETCATALOG_COMPILER_GLOBAL_ACCENT_COLOR_NAME = AccentColor;
				CODE_SIGN_STYLE = Automatic;
				DEVELOPMENT_TEAM = J63D684Z2W;
				INFOPLIST_FILE = FileInspector/Info.plist;
				IPHONEOS_DEPLOYMENT_TARGET = 14.4;
				LD_RUNPATH_SEARCH_PATHS = (
					"$(inherited)",
					"@executable_path/Frameworks",
				);
				PRODUCT_BUNDLE_IDENTIFIER = haykmerch.FileInspector;
				PRODUCT_NAME = "$(TARGET_NAME)";
				SWIFT_VERSION = 5.0;
				TARGETED_DEVICE_FAMILY = 1;
			};
			name = Debug;
		};
		62923C2F26D52DCF00085674 /* Release */ = {
			isa = XCBuildConfiguration;
			buildSettings = {
				ASSETCATALOG_COMPILER_APPICON_NAME = AppIcon;
				ASSETCATALOG_COMPILER_GLOBAL_ACCENT_COLOR_NAME = AccentColor;
				CODE_SIGN_STYLE = Automatic;
				DEVELOPMENT_TEAM = J63D684Z2W;
				INFOPLIST_FILE = FileInspector/Info.plist;
				IPHONEOS_DEPLOYMENT_TARGET = 14.4;
				LD_RUNPATH_SEARCH_PATHS = (
					"$(inherited)",
					"@executable_path/Frameworks",
				);
				PRODUCT_BUNDLE_IDENTIFIER = haykmerch.FileInspector;
				PRODUCT_NAME = "$(TARGET_NAME)";
				SWIFT_VERSION = 5.0;
				TARGETED_DEVICE_FAMILY = 1;
			};
			name = Release;
		};
/* End XCBuildConfiguration section */

/* Begin XCConfigurationList section */
		62923C1426D52DBA00085674 /* Build configuration list for PBXProject "FileInspector" */ = {
			isa = XCConfigurationList;
			buildConfigurations = (
				62923C2B26D52DCF00085674 /* Debug */,
				62923C2C26D52DCF00085674 /* Release */,
			);
			defaultConfigurationIsVisible = 0;
			defaultConfigurationName = Release;
		};
		62923C2D26D52DCF00085674 /* Build configuration list for PBXNativeTarget "FileInspector" */ = {
			isa = XCConfigurationList;
			buildConfigurations = (
				62923C2E26D52DCF00085674 /* Debug */,
				62923C2F26D52DCF00085674 /* Release */,
			);
			defaultConfigurationIsVisible = 0;
			defaultConfigurationName = Release;
		};
/* End XCConfigurationList section */
	};
	rootObject = 62923C1126D52DBA00085674 /* Project object */;
}
